
Microsoft Visual Studio Solution File, Format Version 12.00
# Visual Studio Version 16
VisualStudioVersion = 16.0.29230.47
MinimumVisualStudioVersion = 10.0.40219.1
Project("{FAE04EC0-301F-11D3-BF4B-00C04F79EFBC}") = "Logic", "src\Logic\Logic.csproj", "{DD54D46E-51E3-44CD-A5A5-62C425EACC68}"
EndProject
Project("{FAE04EC0-301F-11D3-BF4B-00C04F79EFBC}") = "WebApi", "src\WebApi\WebApi.csproj", "{B4A28096-4D78-4E39-82B5-F5EB9262288C}"
EndProject
Global
	GlobalSection(SolutionConfigurationPlatforms) = preSolution
		Debug|Any CPU = Debug|Any CPU
		Release|Any CPU = Release|Any CPU
	EndGlobalSection
	GlobalSection(ProjectConfigurationPlatforms) = postSolution
		{DD54D46E-51E3-44CD-A5A5-62C425EACC68}.Debug|Any CPU.ActiveCfg = Debug|Any CPU
		{DD54D46E-51E3-44CD-A5A5-62C425EACC68}.Debug|Any CPU.Build.0 = Debug|Any CPU
		{DD54D46E-51E3-44CD-A5A5-62C425EACC68}.Release|Any CPU.ActiveCfg = Release|Any CPU
		{DD54D46E-51E3-44CD-A5A5-62C425EACC68}.Release|Any CPU.Build.0 = Release|Any CPU
		{B4A28096-4D78-4E39-82B5-F5EB9262288C}.Debug|Any CPU.ActiveCfg = Debug|Any CPU
		{B4A28096-4D78-4E39-82B5-F5EB9262288C}.Debug|Any CPU.Build.0 = Debug|Any CPU
		{B4A28096-4D78-4E39-82B5-F5EB9262288C}.Release|Any CPU.ActiveCfg = Release|Any CPU
		{B4A28096-4D78-4E39-82B5-F5EB9262288C}.Release|Any CPU.Build.0 = Release|Any CPU
	EndGlobalSection
	GlobalSection(SolutionProperties) = preSolution
		HideSolutionNode = FALSE
	EndGlobalSection
	GlobalSection(ExtensibilityGlobals) = postSolution
		SolutionGuid = {56B035A2-1641-4164-9C18-A02504909BB9}
	EndGlobalSection
EndGlobal
